
Microsoft Visual Studio Solution File, Format Version 12.00
# Visual Studio Version 16
VisualStudioVersion = 16.0.30907.101
MinimumVisualStudioVersion = 10.0.40219.1
Project("{FAE04EC0-301F-11D3-BF4B-00C04F79EFBC}") = "VMSAPIWEB", "VMSAPIWEB.csproj", "{A5EC31BC-6DB8-41D7-9785-0DA7DD2EC8DB}"
EndProject
Global
	GlobalSection(SolutionConfigurationPlatforms) = preSolution
		Debug|Any CPU = Debug|Any CPU
		Release|Any CPU = Release|Any CPU
	EndGlobalSection
	GlobalSection(ProjectConfigurationPlatforms) = postSolution
		{A5EC31BC-6DB8-41D7-9785-0DA7DD2EC8DB}.Debug|Any CPU.ActiveCfg = Debug|Any CPU
		{A5EC31BC-6DB8-41D7-9785-0DA7DD2EC8DB}.Debug|Any CPU.Build.0 = Debug|Any CPU
		{A5EC31BC-6DB8-41D7-9785-0DA7DD2EC8DB}.Release|Any CPU.ActiveCfg = Release|Any CPU
		{A5EC31BC-6DB8-41D7-9785-0DA7DD2EC8DB}.Release|Any CPU.Build.0 = Release|Any CPU
	EndGlobalSection
	GlobalSection(SolutionProperties) = preSolution
		HideSolutionNode = FALSE
	EndGlobalSection
	GlobalSection(ExtensibilityGlobals) = postSolution
		SolutionGuid = {50D667B9-2668-41D0-AE0E-0EE328074F29}
	EndGlobalSection
EndGlobal
